
Microsoft Visual Studio Solution File, Format Version 12.00
# Visual Studio Version 17
VisualStudioVersion = 17.0.31912.275
MinimumVisualStudioVersion = 10.0.40219.1
Project("{FAE04EC0-301F-11D3-BF4B-00C04F79EFBC}") = "Упражнение 11", "Упражнение 11.csproj", "{D642D158-B938-407D-8782-5592469F3E92}"
EndProject
Global
	GlobalSection(SolutionConfigurationPlatforms) = preSolution
		Debug|Any CPU = Debug|Any CPU
		Release|Any CPU = Release|Any CPU
	EndGlobalSection
	GlobalSection(ProjectConfigurationPlatforms) = postSolution
		{D642D158-B938-407D-8782-5592469F3E92}.Debug|Any CPU.ActiveCfg = Debug|Any CPU
		{D642D158-B938-407D-8782-5592469F3E92}.Debug|Any CPU.Build.0 = Debug|Any CPU
		{D642D158-B938-407D-8782-5592469F3E92}.Release|Any CPU.ActiveCfg = Release|Any CPU
		{D642D158-B938-407D-8782-5592469F3E92}.Release|Any CPU.Build.0 = Release|Any CPU
	EndGlobalSection
	GlobalSection(SolutionProperties) = preSolution
		HideSolutionNode = FALSE
	EndGlobalSection
	GlobalSection(ExtensibilityGlobals) = postSolution
		SolutionGuid = {4C813078-573C-4A1F-B230-50797C5F5F5B}
	EndGlobalSection
EndGlobal
